// !$*UTF8*$!
{
	archiveVersion = 1;
	classes = {
	};
	objectVersion = 55;
	objects = {

/* Begin PBXBuildFile section */
		DF06435027F39E57004F4815 /* AppDelegate.swift in Sources */ = {isa = PBXBuildFile; fileRef = DF06434F27F39E57004F4815 /* AppDelegate.swift */; };
		DF06435227F39E57004F4815 /* SceneDelegate.swift in Sources */ = {isa = PBXBuildFile; fileRef = DF06435127F39E57004F4815 /* SceneDelegate.swift */; };
		DF06435427F39E57004F4815 /* UsersViewController.swift in Sources */ = {isa = PBXBuildFile; fileRef = DF06435327F39E57004F4815 /* UsersViewController.swift */; };
		DF06435727F39E57004F4815 /* Main.storyboard in Resources */ = {isa = PBXBuildFile; fileRef = DF06435527F39E57004F4815 /* Main.storyboard */; };
		DF06435927F39E59004F4815 /* Assets.xcassets in Resources */ = {isa = PBXBuildFile; fileRef = DF06435827F39E59004F4815 /* Assets.xcassets */; };
		DF06435C27F39E59004F4815 /* LaunchScreen.storyboard in Resources */ = {isa = PBXBuildFile; fileRef = DF06435A27F39E59004F4815 /* LaunchScreen.storyboard */; };
		DF06436827F39EB2004F4815 /* Presenter.swift in Sources */ = {isa = PBXBuildFile; fileRef = DF06436727F39EB2004F4815 /* Presenter.swift */; };
		DF06436A27F39F09004F4815 /* User.swift in Sources */ = {isa = PBXBuildFile; fileRef = DF06436927F39F09004F4815 /* User.swift */; };
/* End PBXBuildFile section */

/* Begin PBXFileReference section */
		DF06434C27F39E57004F4815 /* mvp-pattern.app */ = {isa = PBXFileReference; explicitFileType = wrapper.application; includeInIndex = 0; path = "mvp-pattern.app"; sourceTree = BUILT_PRODUCTS_DIR; };
		DF06434F27F39E57004F4815 /* AppDelegate.swift */ = {isa = PBXFileReference; lastKnownFileType = sourcecode.swift; path = AppDelegate.swift; sourceTree = "<group>"; };
		DF06435127F39E57004F4815 /* SceneDelegate.swift */ = {isa = PBXFileReference; lastKnownFileType = sourcecode.swift; path = SceneDelegate.swift; sourceTree = "<group>"; };
		DF06435327F39E57004F4815 /* UsersViewController.swift */ = {isa = PBXFileReference; lastKnownFileType = sourcecode.swift; path = UsersViewController.swift; sourceTree = "<group>"; };
		DF06435627F39E57004F4815 /* Base */ = {isa = PBXFileReference; lastKnownFileType = file.storyboard; name = Base; path = Base.lproj/Main.storyboard; sourceTree = "<group>"; };
		DF06435827F39E59004F4815 /* Assets.xcassets */ = {isa = PBXFileReference; lastKnownFileType = folder.assetcatalog; path = Assets.xcassets; sourceTree = "<group>"; };
		DF06435B27F39E59004F4815 /* Base */ = {isa = PBXFileReference; lastKnownFileType = file.storyboard; name = Base; path = Base.lproj/LaunchScreen.storyboard; sourceTree = "<group>"; };
		DF06435D27F39E59004F4815 /* Info.plist */ = {isa = PBXFileReference; lastKnownFileType = text.plist.xml; path = Info.plist; sourceTree = "<group>"; };
		DF06436727F39EB2004F4815 /* Presenter.swift */ = {isa = PBXFileReference; lastKnownFileType = sourcecode.swift; path = Presenter.swift; sourceTree = "<group>"; };
		DF06436927F39F09004F4815 /* User.swift */ = {isa = PBXFileReference; lastKnownFileType = sourcecode.swift; path = User.swift; sourceTree = "<group>"; };
/* End PBXFileReference section */

/* Begin PBXFrameworksBuildPhase section */
		DF06434927F39E57004F4815 /* Frameworks */ = {
			isa = PBXFrameworksBuildPhase;
			buildActionMask = 2147483647;
			files = (
			);
			runOnlyForDeploymentPostprocessing = 0;
		};
/* End PBXFrameworksBuildPhase section */

/* Begin PBXGroup section */
		DF06434327F39E57004F4815 = {
			isa = PBXGroup;
			children = (
				DF06434E27F39E57004F4815 /* mvp-pattern */,
				DF06434D27F39E57004F4815 /* Products */,
			);
			sourceTree = "<group>";
		};
		DF06434D27F39E57004F4815 /* Products */ = {
			isa = PBXGroup;
			children = (
				DF06434C27F39E57004F4815 /* mvp-pattern.app */,
			);
			name = Products;
			sourceTree = "<group>";
		};
		DF06434E27F39E57004F4815 /* mvp-pattern */ = {
			isa = PBXGroup;
			children = (
				DF06436327F39E62004F4815 /* MVP */,
				DF06434F27F39E57004F4815 /* AppDelegate.swift */,
				DF06435127F39E57004F4815 /* SceneDelegate.swift */,
				DF06435527F39E57004F4815 /* Main.storyboard */,
				DF06435827F39E59004F4815 /* Assets.xcassets */,
				DF06435A27F39E59004F4815 /* LaunchScreen.storyboard */,
				DF06435D27F39E59004F4815 /* Info.plist */,
			);
			path = "mvp-pattern";
			sourceTree = "<group>";
		};
		DF06436327F39E62004F4815 /* MVP */ = {
			isa = PBXGroup;
			children = (
				DF06436427F39E69004F4815 /* Model */,
				DF06436527F39E6E004F4815 /* View */,
				DF06436627F39E71004F4815 /* Presenter */,
			);
			path = MVP;
			sourceTree = "<group>";
		};
		DF06436427F39E69004F4815 /* Model */ = {
			isa = PBXGroup;
			children = (
				DF06436927F39F09004F4815 /* User.swift */,
			);
			path = Model;
			sourceTree = "<group>";
		};
		DF06436527F39E6E004F4815 /* View */ = {
			isa = PBXGroup;
			children = (
				DF06435327F39E57004F4815 /* UsersViewController.swift */,
			);
			path = View;
			sourceTree = "<group>";
		};
		DF06436627F39E71004F4815 /* Presenter */ = {
			isa = PBXGroup;
			children = (
				DF06436727F39EB2004F4815 /* Presenter.swift */,
			);
			path = Presenter;
			sourceTree = "<group>";
		};
/* End PBXGroup section */

/* Begin PBXNativeTarget section */
		DF06434B27F39E57004F4815 /* mvp-pattern */ = {
			isa = PBXNativeTarget;
			buildConfigurationList = DF06436027F39E59004F4815 /* Build configuration list for PBXNativeTarget "mvp-pattern" */;
			buildPhases = (
				DF06434827F39E57004F4815 /* Sources */,
				DF06434927F39E57004F4815 /* Frameworks */,
				DF06434A27F39E57004F4815 /* Resources */,
			);
			buildRules = (
			);
			dependencies = (
			);
			name = "mvp-pattern";
			productName = "mvp-pattern";
			productReference = DF06434C27F39E57004F4815 /* mvp-pattern.app */;
			productType = "com.apple.product-type.application";
		};
/* End PBXNativeTarget section */

/* Begin PBXProject section */
		DF06434427F39E57004F4815 /* Project object */ = {
			isa = PBXProject;
			attributes = {
				BuildIndependentTargetsInParallel = 1;
				LastSwiftUpdateCheck = 1320;
				LastUpgradeCheck = 1320;
				TargetAttributes = {
					DF06434B27F39E57004F4815 = {
						CreatedOnToolsVersion = 13.2.1;
					};
				};
			};
			buildConfigurationList = DF06434727F39E57004F4815 /* Build configuration list for PBXProject "mvp-pattern" */;
			compatibilityVersion = "Xcode 13.0";
			developmentRegion = en;
			hasScannedForEncodings = 0;
			knownRegions = (
				en,
				Base,
			);
			mainGroup = DF06434327F39E57004F4815;
			productRefGroup = DF06434D27F39E57004F4815 /* Products */;
			projectDirPath = "";
			projectRoot = "";
			targets = (
				DF06434B27F39E57004F4815 /* mvp-pattern */,
			);
		};
/* End PBXProject section */

/* Begin PBXResourcesBuildPhase section */
		DF06434A27F39E57004F4815 /* Resources */ = {
			isa = PBXResourcesBuildPhase;
			buildActionMask = 2147483647;
			files = (
				DF06435C27F39E59004F4815 /* LaunchScreen.storyboard in Resources */,
				DF06435927F39E59004F4815 /* Assets.xcassets in Resources */,
				DF06435727F39E57004F4815 /* Main.storyboard in Resources */,
			);
			runOnlyForDeploymentPostprocessing = 0;
		};
/* End PBXResourcesBuildPhase section */

/* Begin PBXSourcesBuildPhase section */
		DF06434827F39E57004F4815 /* Sources */ = {
			isa = PBXSourcesBuildPhase;
			buildActionMask = 2147483647;
			files = (
				DF06435427F39E57004F4815 /* UsersViewController.swift in Sources */,
				DF06435027F39E57004F4815 /* AppDelegate.swift in Sources */,
				DF06436827F39EB2004F4815 /* Presenter.swift in Sources */,
				DF06436A27F39F09004F4815 /* User.swift in Sources */,
				DF06435227F39E57004F4815 /* SceneDelegate.swift in Sources */,
			);
			runOnlyForDeploymentPostprocessing = 0;
		};
/* End PBXSourcesBuildPhase section */

/* Begin PBXVariantGroup section */
		DF06435527F39E57004F4815 /* Main.storyboard */ = {
			isa = PBXVariantGroup;
			children = (
				DF06435627F39E57004F4815 /* Base */,
			);
			name = Main.storyboard;
			sourceTree = "<group>";
		};
		DF06435A27F39E59004F4815 /* LaunchScreen.storyboard */ = {
			isa = PBXVariantGroup;
			children = (
				DF06435B27F39E59004F4815 /* Base */,
			);
			name = LaunchScreen.storyboard;
			sourceTree = "<group>";
		};
/* End PBXVariantGroup section */

/* Begin XCBuildConfiguration section */
		DF06435E27F39E59004F4815 /* Debug */ = {
			isa = XCBuildConfiguration;
			buildSettings = {
				ALWAYS_SEARCH_USER_PATHS = NO;
				CLANG_ANALYZER_NONNULL = YES;
				CLANG_ANALYZER_NUMBER_OBJECT_CONVERSION = YES_AGGRESSIVE;
				CLANG_CXX_LANGUAGE_STANDARD = "gnu++17";
				CLANG_CXX_LIBRARY = "libc++";
				CLANG_ENABLE_MODULES = YES;
				CLANG_ENABLE_OBJC_ARC = YES;
				CLANG_ENABLE_OBJC_WEAK = YES;
				CLANG_WARN_BLOCK_CAPTURE_AUTORELEASING = YES;
				CLANG_WARN_BOOL_CONVERSION = YES;
				CLANG_WARN_COMMA = YES;
				CLANG_WARN_CONSTANT_CONVERSION = YES;
				CLANG_WARN_DEPRECATED_OBJC_IMPLEMENTATIONS = YES;
				CLANG_WARN_DIRECT_OBJC_ISA_USAGE = YES_ERROR;
				CLANG_WARN_DOCUMENTATION_COMMENTS = YES;
				CLANG_WARN_EMPTY_BODY = YES;
				CLANG_WARN_ENUM_CONVERSION = YES;
				CLANG_WARN_INFINITE_RECURSION = YES;
				CLANG_WARN_INT_CONVERSION = YES;
				CLANG_WARN_NON_LITERAL_NULL_CONVERSION = YES;
				CLANG_WARN_OBJC_IMPLICIT_RETAIN_SELF = YES;
				CLANG_WARN_OBJC_LITERAL_CONVERSION = YES;
				CLANG_WARN_OBJC_ROOT_CLASS = YES_ERROR;
				CLANG_WARN_QUOTED_INCLUDE_IN_FRAMEWORK_HEADER = YES;
				CLANG_WARN_RANGE_LOOP_ANALYSIS = YES;
				CLANG_WARN_STRICT_PROTOTYPES = YES;
				CLANG_WARN_SUSPICIOUS_MOVE = YES;
				CLANG_WARN_UNGUARDED_AVAILABILITY = YES_AGGRESSIVE;
				CLANG_WARN_UNREACHABLE_CODE = YES;
				CLANG_WARN__DUPLICATE_METHOD_MATCH = YES;
				COPY_PHASE_STRIP = NO;
				DEBUG_INFORMATION_FORMAT = dwarf;
				ENABLE_STRICT_OBJC_MSGSEND = YES;
				ENABLE_TESTABILITY = YES;
				GCC_C_LANGUAGE_STANDARD = gnu11;
				GCC_DYNAMIC_NO_PIC = NO;
				GCC_NO_COMMON_BLOCKS = YES;
				GCC_OPTIMIZATION_LEVEL = 0;
				GCC_PREPROCESSOR_DEFINITIONS = (
					"DEBUG=1",
					"$(inherited)",
				);
				GCC_WARN_64_TO_32_BIT_CONVERSION = YES;
				GCC_WARN_ABOUT_RETURN_TYPE = YES_ERROR;
				GCC_WARN_UNDECLARED_SELECTOR = YES;
				GCC_WARN_UNINITIALIZED_AUTOS = YES_AGGRESSIVE;
				GCC_WARN_UNUSED_FUNCTION = YES;
				GCC_WARN_UNUSED_VARIABLE = YES;
				IPHONEOS_DEPLOYMENT_TARGET = 15.2;
				MTL_ENABLE_DEBUG_INFO = INCLUDE_SOURCE;
				MTL_FAST_MATH = YES;
				ONLY_ACTIVE_ARCH = YES;
				SDKROOT = iphoneos;
				SWIFT_ACTIVE_COMPILATION_CONDITIONS = DEBUG;
				SWIFT_OPTIMIZATION_LEVEL = "-Onone";
			};
			name = Debug;
		};
		DF06435F27F39E59004F4815 /* Release */ = {
			isa = XCBuildConfiguration;
			buildSettings = {
				ALWAYS_SEARCH_USER_PATHS = NO;
				CLANG_ANALYZER_NONNULL = YES;
				CLANG_ANALYZER_NUMBER_OBJECT_CONVERSION = YES_AGGRESSIVE;
				CLANG_CXX_LANGUAGE_STANDARD = "gnu++17";
				CLANG_CXX_LIBRARY = "libc++";
				CLANG_ENABLE_MODULES = YES;
				CLANG_ENABLE_OBJC_ARC = YES;
				CLANG_ENABLE_OBJC_WEAK = YES;
				CLANG_WARN_BLOCK_CAPTURE_AUTORELEASING = YES;
				CLANG_WARN_BOOL_CONVERSION = YES;
				CLANG_WARN_COMMA = YES;
				CLANG_WARN_CONSTANT_CONVERSION = YES;
				CLANG_WARN_DEPRECATED_OBJC_IMPLEMENTATIONS = YES;
				CLANG_WARN_DIRECT_OBJC_ISA_USAGE = YES_ERROR;
				CLANG_WARN_DOCUMENTATION_COMMENTS = YES;
				CLANG_WARN_EMPTY_BODY = YES;
				CLANG_WARN_ENUM_CONVERSION = YES;
				CLANG_WARN_INFINITE_RECURSION = YES;
				CLANG_WARN_INT_CONVERSION = YES;
				CLANG_WARN_NON_LITERAL_NULL_CONVERSION = YES;
				CLANG_WARN_OBJC_IMPLICIT_RETAIN_SELF = YES;
				CLANG_WARN_OBJC_LITERAL_CONVERSION = YES;
				CLANG_WARN_OBJC_ROOT_CLASS = YES_ERROR;
				CLANG_WARN_QUOTED_INCLUDE_IN_FRAMEWORK_HEADER = YES;
				CLANG_WARN_RANGE_LOOP_ANALYSIS = YES;
				CLANG_WARN_STRICT_PROTOTYPES = YES;
				CLANG_WARN_SUSPICIOUS_MOVE = YES;
				CLANG_WARN_UNGUARDED_AVAILABILITY = YES_AGGRESSIVE;
				CLANG_WARN_UNREACHABLE_CODE = YES;
				CLANG_WARN__DUPLICATE_METHOD_MATCH = YES;
				COPY_PHASE_STRIP = NO;
				DEBUG_INFORMATION_FORMAT = "dwarf-with-dsym";
				ENABLE_NS_ASSERTIONS = NO;
				ENABLE_STRICT_OBJC_MSGSEND = YES;
				GCC_C_LANGUAGE_STANDARD = gnu11;
				GCC_NO_COMMON_BLOCKS = YES;
				GCC_WARN_64_TO_32_BIT_CONVERSION = YES;
				GCC_WARN_ABOUT_RETURN_TYPE = YES_ERROR;
				GCC_WARN_UNDECLARED_SELECTOR = YES;
				GCC_WARN_UNINITIALIZED_AUTOS = YES_AGGRESSIVE;
				GCC_WARN_UNUSED_FUNCTION = YES;
				GCC_WARN_UNUSED_VARIABLE = YES;
				IPHONEOS_DEPLOYMENT_TARGET = 15.2;
				MTL_ENABLE_DEBUG_INFO = NO;
				MTL_FAST_MATH = YES;
				SDKROOT = iphoneos;
				SWIFT_COMPILATION_MODE = wholemodule;
				SWIFT_OPTIMIZATION_LEVEL = "-O";
				VALIDATE_PRODUCT = YES;
			};
			name = Release;
		};
		DF06436127F39E59004F4815 /* Debug */ = {
			isa = XCBuildConfiguration;
			buildSettings = {
				ASSETCATALOG_COMPILER_APPICON_NAME = AppIcon;
				ASSETCATALOG_COMPILER_GLOBAL_ACCENT_COLOR_NAME = AccentColor;
				CODE_SIGN_STYLE = Automatic;
				CURRENT_PROJECT_VERSION = 1;
				DEVELOPMENT_TEAM = 6YXFUY64CT;
				GENERATE_INFOPLIST_FILE = YES;
				INFOPLIST_FILE = "mvp-pattern/Info.plist";
				INFOPLIST_KEY_UIApplicationSupportsIndirectInputEvents = YES;
				INFOPLIST_KEY_UILaunchStoryboardName = LaunchScreen;
				INFOPLIST_KEY_UIMainStoryboardFile = Main;
				INFOPLIST_KEY_UISupportedInterfaceOrientations_iPad = "UIInterfaceOrientationPortrait UIInterfaceOrientationPortraitUpsideDown UIInterfaceOrientationLandscapeLeft UIInterfaceOrientationLandscapeRight";
				INFOPLIST_KEY_UISupportedInterfaceOrientations_iPhone = "UIInterfaceOrientationPortrait UIInterfaceOrientationLandscapeLeft UIInterfaceOrientationLandscapeRight";
				LD_RUNPATH_SEARCH_PATHS = (
					"$(inherited)",
					"@executable_path/Frameworks",
				);
				MARKETING_VERSION = 1.0;
				PRODUCT_BUNDLE_IDENTIFIER = "com.andronickmartusheff.mvp-pattern";
				PRODUCT_NAME = "$(TARGET_NAME)";
				SWIFT_EMIT_LOC_STRINGS = YES;
				SWIFT_VERSION = 5.0;
				TARGETED_DEVICE_FAMILY = "1,2";
			};
			name = Debug;
		};
		DF06436227F39E59004F4815 /* Release */ = {
			isa = XCBuildConfiguration;
			buildSettings = {
				ASSETCATALOG_COMPILER_APPICON_NAME = AppIcon;
				ASSETCATALOG_COMPILER_GLOBAL_ACCENT_COLOR_NAME = AccentColor;
				CODE_SIGN_STYLE = Automatic;
				CURRENT_PROJECT_VERSION = 1;
				DEVELOPMENT_TEAM = 6YXFUY64CT;
				GENERATE_INFOPLIST_FILE = YES;
				INFOPLIST_FILE = "mvp-pattern/Info.plist";
				INFOPLIST_KEY_UIApplicationSupportsIndirectInputEvents = YES;
				INFOPLIST_KEY_UILaunchStoryboardName = LaunchScreen;
				INFOPLIST_KEY_UIMainStoryboardFile = Main;
				INFOPLIST_KEY_UISupportedInterfaceOrientations_iPad = "UIInterfaceOrientationPortrait UIInterfaceOrientationPortraitUpsideDown UIInterfaceOrientationLandscapeLeft UIInterfaceOrientationLandscapeRight";
				INFOPLIST_KEY_UISupportedInterfaceOrientations_iPhone = "UIInterfaceOrientationPortrait UIInterfaceOrientationLandscapeLeft UIInterfaceOrientationLandscapeRight";
				LD_RUNPATH_SEARCH_PATHS = (
					"$(inherited)",
					"@executable_path/Frameworks",
				);
				MARKETING_VERSION = 1.0;
				PRODUCT_BUNDLE_IDENTIFIER = "com.andronickmartusheff.mvp-pattern";
				PRODUCT_NAME = "$(TARGET_NAME)";
				SWIFT_EMIT_LOC_STRINGS = YES;
				SWIFT_VERSION = 5.0;
				TARGETED_DEVICE_FAMILY = "1,2";
			};
			name = Release;
		};
/* End XCBuildConfiguration section */

/* Begin XCConfigurationList section */
		DF06434727F39E57004F4815 /* Build configuration list for PBXProject "mvp-pattern" */ = {
			isa = XCConfigurationList;
			buildConfigurations = (
				DF06435E27F39E59004F4815 /* Debug */,
				DF06435F27F39E59004F4815 /* Release */,
			);
			defaultConfigurationIsVisible = 0;
			defaultConfigurationName = Release;
		};
		DF06436027F39E59004F4815 /* Build configuration list for PBXNativeTarget "mvp-pattern" */ = {
			isa = XCConfigurationList;
			buildConfigurations = (
				DF06436127F39E59004F4815 /* Debug */,
				DF06436227F39E59004F4815 /* Release */,
			);
			defaultConfigurationIsVisible = 0;
			defaultConfigurationName = Release;
		};
/* End XCConfigurationList section */
	};
	rootObject = DF06434427F39E57004F4815 /* Project object */;
}
