// !$*UTF8*$!
{
	archiveVersion = 1;
	classes = {
	};
	objectVersion = 55;
	objects = {

/* Begin PBXBuildFile section */
		AC416D6D2805F87200DB5A95 /* AppDelegate.swift in Sources */ = {isa = PBXBuildFile; fileRef = AC416D6C2805F87200DB5A95 /* AppDelegate.swift */; };
		AC416D6F2805F87200DB5A95 /* SceneDelegate.swift in Sources */ = {isa = PBXBuildFile; fileRef = AC416D6E2805F87200DB5A95 /* SceneDelegate.swift */; };
		AC416D712805F87200DB5A95 /* ViewController.swift in Sources */ = {isa = PBXBuildFile; fileRef = AC416D702805F87200DB5A95 /* ViewController.swift */; };
		AC416D742805F87200DB5A95 /* Main.storyboard in Resources */ = {isa = PBXBuildFile; fileRef = AC416D722805F87200DB5A95 /* Main.storyboard */; };
		AC416D762805F87400DB5A95 /* Assets.xcassets in Resources */ = {isa = PBXBuildFile; fileRef = AC416D752805F87400DB5A95 /* Assets.xcassets */; };
		AC416D792805F87400DB5A95 /* LaunchScreen.storyboard in Resources */ = {isa = PBXBuildFile; fileRef = AC416D772805F87400DB5A95 /* LaunchScreen.storyboard */; };
		AC416D812805FA1300DB5A95 /* words.txt in Resources */ = {isa = PBXBuildFile; fileRef = AC416D802805FA1300DB5A95 /* words.txt */; };
/* End PBXBuildFile section */

/* Begin PBXFileReference section */
		AC416D692805F87200DB5A95 /* WordleClone.app */ = {isa = PBXFileReference; explicitFileType = wrapper.application; includeInIndex = 0; path = WordleClone.app; sourceTree = BUILT_PRODUCTS_DIR; };
		AC416D6C2805F87200DB5A95 /* AppDelegate.swift */ = {isa = PBXFileReference; lastKnownFileType = sourcecode.swift; path = AppDelegate.swift; sourceTree = "<group>"; };
		AC416D6E2805F87200DB5A95 /* SceneDelegate.swift */ = {isa = PBXFileReference; lastKnownFileType = sourcecode.swift; path = SceneDelegate.swift; sourceTree = "<group>"; };
		AC416D702805F87200DB5A95 /* ViewController.swift */ = {isa = PBXFileReference; lastKnownFileType = sourcecode.swift; path = ViewController.swift; sourceTree = "<group>"; };
		AC416D732805F87200DB5A95 /* Base */ = {isa = PBXFileReference; lastKnownFileType = file.storyboard; name = Base; path = Base.lproj/Main.storyboard; sourceTree = "<group>"; };
		AC416D752805F87400DB5A95 /* Assets.xcassets */ = {isa = PBXFileReference; lastKnownFileType = folder.assetcatalog; path = Assets.xcassets; sourceTree = "<group>"; };
		AC416D782805F87400DB5A95 /* Base */ = {isa = PBXFileReference; lastKnownFileType = file.storyboard; name = Base; path = Base.lproj/LaunchScreen.storyboard; sourceTree = "<group>"; };
		AC416D7A2805F87400DB5A95 /* Info.plist */ = {isa = PBXFileReference; lastKnownFileType = text.plist.xml; path = Info.plist; sourceTree = "<group>"; };
		AC416D802805FA1300DB5A95 /* words.txt */ = {isa = PBXFileReference; fileEncoding = 4; lastKnownFileType = text; name = words.txt; path = "../../five-letter-words.playground/Resources/words.txt"; sourceTree = "<group>"; };
		AC416D8228061F4B00DB5A95 /* WordleClone.entitlements */ = {isa = PBXFileReference; lastKnownFileType = text.plist.entitlements; path = WordleClone.entitlements; sourceTree = "<group>"; };
/* End PBXFileReference section */

/* Begin PBXFrameworksBuildPhase section */
		AC416D662805F87200DB5A95 /* Frameworks */ = {
			isa = PBXFrameworksBuildPhase;
			buildActionMask = 2147483647;
			files = (
			);
			runOnlyForDeploymentPostprocessing = 0;
		};
/* End PBXFrameworksBuildPhase section */

/* Begin PBXGroup section */
		AC416D602805F87200DB5A95 = {
			isa = PBXGroup;
			children = (
				AC416D6B2805F87200DB5A95 /* WordleClone */,
				AC416D6A2805F87200DB5A95 /* Products */,
			);
			sourceTree = "<group>";
		};
		AC416D6A2805F87200DB5A95 /* Products */ = {
			isa = PBXGroup;
			children = (
				AC416D692805F87200DB5A95 /* WordleClone.app */,
			);
			name = Products;
			sourceTree = "<group>";
		};
		AC416D6B2805F87200DB5A95 /* WordleClone */ = {
			isa = PBXGroup;
			children = (
				AC416D8228061F4B00DB5A95 /* WordleClone.entitlements */,
				AC416D6C2805F87200DB5A95 /* AppDelegate.swift */,
				AC416D6E2805F87200DB5A95 /* SceneDelegate.swift */,
				AC416D702805F87200DB5A95 /* ViewController.swift */,
				AC416D722805F87200DB5A95 /* Main.storyboard */,
				AC416D752805F87400DB5A95 /* Assets.xcassets */,
				AC416D772805F87400DB5A95 /* LaunchScreen.storyboard */,
				AC416D7A2805F87400DB5A95 /* Info.plist */,
				AC416D802805FA1300DB5A95 /* words.txt */,
			);
			path = WordleClone;
			sourceTree = "<group>";
		};
/* End PBXGroup section */

/* Begin PBXNativeTarget section */
		AC416D682805F87200DB5A95 /* WordleClone */ = {
			isa = PBXNativeTarget;
			buildConfigurationList = AC416D7D2805F87400DB5A95 /* Build configuration list for PBXNativeTarget "WordleClone" */;
			buildPhases = (
				AC416D652805F87200DB5A95 /* Sources */,
				AC416D662805F87200DB5A95 /* Frameworks */,
				AC416D672805F87200DB5A95 /* Resources */,
			);
			buildRules = (
			);
			dependencies = (
			);
			name = WordleClone;
			productName = WordleClone;
			productReference = AC416D692805F87200DB5A95 /* WordleClone.app */;
			productType = "com.apple.product-type.application";
		};
/* End PBXNativeTarget section */

/* Begin PBXProject section */
		AC416D612805F87200DB5A95 /* Project object */ = {
			isa = PBXProject;
			attributes = {
				BuildIndependentTargetsInParallel = 1;
				LastSwiftUpdateCheck = 1330;
				LastUpgradeCheck = 1330;
				TargetAttributes = {
					AC416D682805F87200DB5A95 = {
						CreatedOnToolsVersion = 13.3;
					};
				};
			};
			buildConfigurationList = AC416D642805F87200DB5A95 /* Build configuration list for PBXProject "WordleClone" */;
			compatibilityVersion = "Xcode 13.0";
			developmentRegion = en;
			hasScannedForEncodings = 0;
			knownRegions = (
				en,
				Base,
			);
			mainGroup = AC416D602805F87200DB5A95;
			productRefGroup = AC416D6A2805F87200DB5A95 /* Products */;
			projectDirPath = "";
			projectRoot = "";
			targets = (
				AC416D682805F87200DB5A95 /* WordleClone */,
			);
		};
/* End PBXProject section */

/* Begin PBXResourcesBuildPhase section */
		AC416D672805F87200DB5A95 /* Resources */ = {
			isa = PBXResourcesBuildPhase;
			buildActionMask = 2147483647;
			files = (
				AC416D792805F87400DB5A95 /* LaunchScreen.storyboard in Resources */,
				AC416D762805F87400DB5A95 /* Assets.xcassets in Resources */,
				AC416D812805FA1300DB5A95 /* words.txt in Resources */,
				AC416D742805F87200DB5A95 /* Main.storyboard in Resources */,
			);
			runOnlyForDeploymentPostprocessing = 0;
		};
/* End PBXResourcesBuildPhase section */

/* Begin PBXSourcesBuildPhase section */
		AC416D652805F87200DB5A95 /* Sources */ = {
			isa = PBXSourcesBuildPhase;
			buildActionMask = 2147483647;
			files = (
				AC416D712805F87200DB5A95 /* ViewController.swift in Sources */,
				AC416D6D2805F87200DB5A95 /* AppDelegate.swift in Sources */,
				AC416D6F2805F87200DB5A95 /* SceneDelegate.swift in Sources */,
			);
			runOnlyForDeploymentPostprocessing = 0;
		};
/* End PBXSourcesBuildPhase section */

/* Begin PBXVariantGroup section */
		AC416D722805F87200DB5A95 /* Main.storyboard */ = {
			isa = PBXVariantGroup;
			children = (
				AC416D732805F87200DB5A95 /* Base */,
			);
			name = Main.storyboard;
			sourceTree = "<group>";
		};
		AC416D772805F87400DB5A95 /* LaunchScreen.storyboard */ = {
			isa = PBXVariantGroup;
			children = (
				AC416D782805F87400DB5A95 /* Base */,
			);
			name = LaunchScreen.storyboard;
			sourceTree = "<group>";
		};
/* End PBXVariantGroup section */

/* Begin XCBuildConfiguration section */
		AC416D7B2805F87400DB5A95 /* Debug */ = {
			isa = XCBuildConfiguration;
			buildSettings = {
				ALWAYS_SEARCH_USER_PATHS = NO;
				CLANG_ANALYZER_NONNULL = YES;
				CLANG_ANALYZER_NUMBER_OBJECT_CONVERSION = YES_AGGRESSIVE;
				CLANG_CXX_LANGUAGE_STANDARD = "gnu++17";
				CLANG_ENABLE_MODULES = YES;
				CLANG_ENABLE_OBJC_ARC = YES;
				CLANG_ENABLE_OBJC_WEAK = YES;
				CLANG_WARN_BLOCK_CAPTURE_AUTORELEASING = YES;
				CLANG_WARN_BOOL_CONVERSION = YES;
				CLANG_WARN_COMMA = YES;
				CLANG_WARN_CONSTANT_CONVERSION = YES;
				CLANG_WARN_DEPRECATED_OBJC_IMPLEMENTATIONS = YES;
				CLANG_WARN_DIRECT_OBJC_ISA_USAGE = YES_ERROR;
				CLANG_WARN_DOCUMENTATION_COMMENTS = YES;
				CLANG_WARN_EMPTY_BODY = YES;
				CLANG_WARN_ENUM_CONVERSION = YES;
				CLANG_WARN_INFINITE_RECURSION = YES;
				CLANG_WARN_INT_CONVERSION = YES;
				CLANG_WARN_NON_LITERAL_NULL_CONVERSION = YES;
				CLANG_WARN_OBJC_IMPLICIT_RETAIN_SELF = YES;
				CLANG_WARN_OBJC_LITERAL_CONVERSION = YES;
				CLANG_WARN_OBJC_ROOT_CLASS = YES_ERROR;
				CLANG_WARN_QUOTED_INCLUDE_IN_FRAMEWORK_HEADER = YES;
				CLANG_WARN_RANGE_LOOP_ANALYSIS = YES;
				CLANG_WARN_STRICT_PROTOTYPES = YES;
				CLANG_WARN_SUSPICIOUS_MOVE = YES;
				CLANG_WARN_UNGUARDED_AVAILABILITY = YES_AGGRESSIVE;
				CLANG_WARN_UNREACHABLE_CODE = YES;
				CLANG_WARN__DUPLICATE_METHOD_MATCH = YES;
				COPY_PHASE_STRIP = NO;
				DEBUG_INFORMATION_FORMAT = dwarf;
				ENABLE_STRICT_OBJC_MSGSEND = YES;
				ENABLE_TESTABILITY = YES;
				GCC_C_LANGUAGE_STANDARD = gnu11;
				GCC_DYNAMIC_NO_PIC = NO;
				GCC_NO_COMMON_BLOCKS = YES;
				GCC_OPTIMIZATION_LEVEL = 0;
				GCC_PREPROCESSOR_DEFINITIONS = (
					"DEBUG=1",
					"$(inherited)",
				);
				GCC_WARN_64_TO_32_BIT_CONVERSION = YES;
				GCC_WARN_ABOUT_RETURN_TYPE = YES_ERROR;
				GCC_WARN_UNDECLARED_SELECTOR = YES;
				GCC_WARN_UNINITIALIZED_AUTOS = YES_AGGRESSIVE;
				GCC_WARN_UNUSED_FUNCTION = YES;
				GCC_WARN_UNUSED_VARIABLE = YES;
				IPHONEOS_DEPLOYMENT_TARGET = 15.4;
				MTL_ENABLE_DEBUG_INFO = INCLUDE_SOURCE;
				MTL_FAST_MATH = YES;
				ONLY_ACTIVE_ARCH = YES;
				SDKROOT = iphoneos;
				SWIFT_ACTIVE_COMPILATION_CONDITIONS = DEBUG;
				SWIFT_OPTIMIZATION_LEVEL = "-Onone";
			};
			name = Debug;
		};
		AC416D7C2805F87400DB5A95 /* Release */ = {
			isa = XCBuildConfiguration;
			buildSettings = {
				ALWAYS_SEARCH_USER_PATHS = NO;
				CLANG_ANALYZER_NONNULL = YES;
				CLANG_ANALYZER_NUMBER_OBJECT_CONVERSION = YES_AGGRESSIVE;
				CLANG_CXX_LANGUAGE_STANDARD = "gnu++17";
				CLANG_ENABLE_MODULES = YES;
				CLANG_ENABLE_OBJC_ARC = YES;
				CLANG_ENABLE_OBJC_WEAK = YES;
				CLANG_WARN_BLOCK_CAPTURE_AUTORELEASING = YES;
				CLANG_WARN_BOOL_CONVERSION = YES;
				CLANG_WARN_COMMA = YES;
				CLANG_WARN_CONSTANT_CONVERSION = YES;
				CLANG_WARN_DEPRECATED_OBJC_IMPLEMENTATIONS = YES;
				CLANG_WARN_DIRECT_OBJC_ISA_USAGE = YES_ERROR;
				CLANG_WARN_DOCUMENTATION_COMMENTS = YES;
				CLANG_WARN_EMPTY_BODY = YES;
				CLANG_WARN_ENUM_CONVERSION = YES;
				CLANG_WARN_INFINITE_RECURSION = YES;
				CLANG_WARN_INT_CONVERSION = YES;
				CLANG_WARN_NON_LITERAL_NULL_CONVERSION = YES;
				CLANG_WARN_OBJC_IMPLICIT_RETAIN_SELF = YES;
				CLANG_WARN_OBJC_LITERAL_CONVERSION = YES;
				CLANG_WARN_OBJC_ROOT_CLASS = YES_ERROR;
				CLANG_WARN_QUOTED_INCLUDE_IN_FRAMEWORK_HEADER = YES;
				CLANG_WARN_RANGE_LOOP_ANALYSIS = YES;
				CLANG_WARN_STRICT_PROTOTYPES = YES;
				CLANG_WARN_SUSPICIOUS_MOVE = YES;
				CLANG_WARN_UNGUARDED_AVAILABILITY = YES_AGGRESSIVE;
				CLANG_WARN_UNREACHABLE_CODE = YES;
				CLANG_WARN__DUPLICATE_METHOD_MATCH = YES;
				COPY_PHASE_STRIP = NO;
				DEBUG_INFORMATION_FORMAT = "dwarf-with-dsym";
				ENABLE_NS_ASSERTIONS = NO;
				ENABLE_STRICT_OBJC_MSGSEND = YES;
				GCC_C_LANGUAGE_STANDARD = gnu11;
				GCC_NO_COMMON_BLOCKS = YES;
				GCC_WARN_64_TO_32_BIT_CONVERSION = YES;
				GCC_WARN_ABOUT_RETURN_TYPE = YES_ERROR;
				GCC_WARN_UNDECLARED_SELECTOR = YES;
				GCC_WARN_UNINITIALIZED_AUTOS = YES_AGGRESSIVE;
				GCC_WARN_UNUSED_FUNCTION = YES;
				GCC_WARN_UNUSED_VARIABLE = YES;
				IPHONEOS_DEPLOYMENT_TARGET = 15.4;
				MTL_ENABLE_DEBUG_INFO = NO;
				MTL_FAST_MATH = YES;
				SDKROOT = iphoneos;
				SWIFT_COMPILATION_MODE = wholemodule;
				SWIFT_OPTIMIZATION_LEVEL = "-O";
				VALIDATE_PRODUCT = YES;
			};
			name = Release;
		};
		AC416D7E2805F87400DB5A95 /* Debug */ = {
			isa = XCBuildConfiguration;
			buildSettings = {
				ASSETCATALOG_COMPILER_APPICON_NAME = AppIcon;
				ASSETCATALOG_COMPILER_GLOBAL_ACCENT_COLOR_NAME = AccentColor;
				CODE_SIGN_ENTITLEMENTS = WordleClone/WordleClone.entitlements;
				CODE_SIGN_STYLE = Automatic;
				CURRENT_PROJECT_VERSION = 1;
				DEVELOPMENT_TEAM = 6YXFUY64CT;
				GENERATE_INFOPLIST_FILE = YES;
				INFOPLIST_FILE = WordleClone/Info.plist;
				INFOPLIST_KEY_UIApplicationSupportsIndirectInputEvents = YES;
				INFOPLIST_KEY_UILaunchStoryboardName = LaunchScreen;
				INFOPLIST_KEY_UIMainStoryboardFile = Main;
				INFOPLIST_KEY_UISupportedInterfaceOrientations_iPad = "UIInterfaceOrientationPortrait UIInterfaceOrientationPortraitUpsideDown UIInterfaceOrientationLandscapeLeft UIInterfaceOrientationLandscapeRight";
				INFOPLIST_KEY_UISupportedInterfaceOrientations_iPhone = "UIInterfaceOrientationPortrait UIInterfaceOrientationLandscapeLeft UIInterfaceOrientationLandscapeRight";
				IPHONEOS_DEPLOYMENT_TARGET = 14.0;
				LD_RUNPATH_SEARCH_PATHS = (
					"$(inherited)",
					"@executable_path/Frameworks",
				);
				MARKETING_VERSION = 1.0;
				PRODUCT_BUNDLE_IDENTIFIER = com.andronickmartusheff.stitch;
				PRODUCT_NAME = "$(TARGET_NAME)";
				SUPPORTS_MACCATALYST = YES;
				SWIFT_EMIT_LOC_STRINGS = YES;
				SWIFT_VERSION = 5.0;
				TARGETED_DEVICE_FAMILY = "1,2,6";
			};
			name = Debug;
		};
		AC416D7F2805F87400DB5A95 /* Release */ = {
			isa = XCBuildConfiguration;
			buildSettings = {
				ASSETCATALOG_COMPILER_APPICON_NAME = AppIcon;
				ASSETCATALOG_COMPILER_GLOBAL_ACCENT_COLOR_NAME = AccentColor;
				CODE_SIGN_ENTITLEMENTS = WordleClone/WordleClone.entitlements;
				CODE_SIGN_STYLE = Automatic;
				CURRENT_PROJECT_VERSION = 1;
				DEVELOPMENT_TEAM = 6YXFUY64CT;
				GENERATE_INFOPLIST_FILE = YES;
				INFOPLIST_FILE = WordleClone/Info.plist;
				INFOPLIST_KEY_UIApplicationSupportsIndirectInputEvents = YES;
				INFOPLIST_KEY_UILaunchStoryboardName = LaunchScreen;
				INFOPLIST_KEY_UIMainStoryboardFile = Main;
				INFOPLIST_KEY_UISupportedInterfaceOrientations_iPad = "UIInterfaceOrientationPortrait UIInterfaceOrientationPortraitUpsideDown UIInterfaceOrientationLandscapeLeft UIInterfaceOrientationLandscapeRight";
				INFOPLIST_KEY_UISupportedInterfaceOrientations_iPhone = "UIInterfaceOrientationPortrait UIInterfaceOrientationLandscapeLeft UIInterfaceOrientationLandscapeRight";
				IPHONEOS_DEPLOYMENT_TARGET = 14.0;
				LD_RUNPATH_SEARCH_PATHS = (
					"$(inherited)",
					"@executable_path/Frameworks",
				);
				MARKETING_VERSION = 1.0;
				PRODUCT_BUNDLE_IDENTIFIER = com.andronickmartusheff.stitch;
				PRODUCT_NAME = "$(TARGET_NAME)";
				SUPPORTS_MACCATALYST = YES;
				SWIFT_EMIT_LOC_STRINGS = YES;
				SWIFT_VERSION = 5.0;
				TARGETED_DEVICE_FAMILY = "1,2,6";
			};
			name = Release;
		};
/* End XCBuildConfiguration section */

/* Begin XCConfigurationList section */
		AC416D642805F87200DB5A95 /* Build configuration list for PBXProject "WordleClone" */ = {
			isa = XCConfigurationList;
			buildConfigurations = (
				AC416D7B2805F87400DB5A95 /* Debug */,
				AC416D7C2805F87400DB5A95 /* Release */,
			);
			defaultConfigurationIsVisible = 0;
			defaultConfigurationName = Release;
		};
		AC416D7D2805F87400DB5A95 /* Build configuration list for PBXNativeTarget "WordleClone" */ = {
			isa = XCConfigurationList;
			buildConfigurations = (
				AC416D7E2805F87400DB5A95 /* Debug */,
				AC416D7F2805F87400DB5A95 /* Release */,
			);
			defaultConfigurationIsVisible = 0;
			defaultConfigurationName = Release;
		};
/* End XCConfigurationList section */
	};
	rootObject = AC416D612805F87200DB5A95 /* Project object */;
}
