// !$*UTF8*$!
{
	archiveVersion = 1;
	classes = {
	};
	objectVersion = 55;
	objects = {

/* Begin PBXBuildFile section */
		DFFA28AA27FE274500BDA5A6 /* AppDelegate.swift in Sources */ = {isa = PBXBuildFile; fileRef = DFFA28A927FE274500BDA5A6 /* AppDelegate.swift */; };
		DFFA28AC27FE274500BDA5A6 /* SceneDelegate.swift in Sources */ = {isa = PBXBuildFile; fileRef = DFFA28AB27FE274500BDA5A6 /* SceneDelegate.swift */; };
		DFFA28AE27FE274500BDA5A6 /* ViewController.swift in Sources */ = {isa = PBXBuildFile; fileRef = DFFA28AD27FE274500BDA5A6 /* ViewController.swift */; };
		DFFA28B127FE274500BDA5A6 /* Main.storyboard in Resources */ = {isa = PBXBuildFile; fileRef = DFFA28AF27FE274500BDA5A6 /* Main.storyboard */; };
		DFFA28B327FE274700BDA5A6 /* Assets.xcassets in Resources */ = {isa = PBXBuildFile; fileRef = DFFA28B227FE274700BDA5A6 /* Assets.xcassets */; };
		DFFA28B627FE274700BDA5A6 /* LaunchScreen.storyboard in Resources */ = {isa = PBXBuildFile; fileRef = DFFA28B427FE274700BDA5A6 /* LaunchScreen.storyboard */; };
		DFFA28C627FE366D00BDA5A6 /* iAmRichUITests.swift in Sources */ = {isa = PBXBuildFile; fileRef = DFFA28C527FE366D00BDA5A6 /* iAmRichUITests.swift */; };
/* End PBXBuildFile section */

/* Begin PBXContainerItemProxy section */
		DFFA28C927FE366D00BDA5A6 /* PBXContainerItemProxy */ = {
			isa = PBXContainerItemProxy;
			containerPortal = DFFA289E27FE274500BDA5A6 /* Project object */;
			proxyType = 1;
			remoteGlobalIDString = DFFA28A527FE274500BDA5A6;
			remoteInfo = iAmRich;
		};
/* End PBXContainerItemProxy section */

/* Begin PBXFileReference section */
		DFFA28A627FE274500BDA5A6 /* iAmRich.app */ = {isa = PBXFileReference; explicitFileType = wrapper.application; includeInIndex = 0; path = iAmRich.app; sourceTree = BUILT_PRODUCTS_DIR; };
		DFFA28A927FE274500BDA5A6 /* AppDelegate.swift */ = {isa = PBXFileReference; lastKnownFileType = sourcecode.swift; path = AppDelegate.swift; sourceTree = "<group>"; };
		DFFA28AB27FE274500BDA5A6 /* SceneDelegate.swift */ = {isa = PBXFileReference; lastKnownFileType = sourcecode.swift; path = SceneDelegate.swift; sourceTree = "<group>"; };
		DFFA28AD27FE274500BDA5A6 /* ViewController.swift */ = {isa = PBXFileReference; lastKnownFileType = sourcecode.swift; path = ViewController.swift; sourceTree = "<group>"; };
		DFFA28B027FE274500BDA5A6 /* Base */ = {isa = PBXFileReference; lastKnownFileType = file.storyboard; name = Base; path = Base.lproj/Main.storyboard; sourceTree = "<group>"; };
		DFFA28B227FE274700BDA5A6 /* Assets.xcassets */ = {isa = PBXFileReference; lastKnownFileType = folder.assetcatalog; path = Assets.xcassets; sourceTree = "<group>"; };
		DFFA28B527FE274700BDA5A6 /* Base */ = {isa = PBXFileReference; lastKnownFileType = file.storyboard; name = Base; path = Base.lproj/LaunchScreen.storyboard; sourceTree = "<group>"; };
		DFFA28B727FE274700BDA5A6 /* Info.plist */ = {isa = PBXFileReference; lastKnownFileType = text.plist.xml; path = Info.plist; sourceTree = "<group>"; };
		DFFA28C327FE366D00BDA5A6 /* iAmRichUITests.xctest */ = {isa = PBXFileReference; explicitFileType = wrapper.cfbundle; includeInIndex = 0; path = iAmRichUITests.xctest; sourceTree = BUILT_PRODUCTS_DIR; };
		DFFA28C527FE366D00BDA5A6 /* iAmRichUITests.swift */ = {isa = PBXFileReference; lastKnownFileType = sourcecode.swift; path = iAmRichUITests.swift; sourceTree = "<group>"; };
/* End PBXFileReference section */

/* Begin PBXFrameworksBuildPhase section */
		DFFA28A327FE274500BDA5A6 /* Frameworks */ = {
			isa = PBXFrameworksBuildPhase;
			buildActionMask = 2147483647;
			files = (
			);
			runOnlyForDeploymentPostprocessing = 0;
		};
		DFFA28C027FE366D00BDA5A6 /* Frameworks */ = {
			isa = PBXFrameworksBuildPhase;
			buildActionMask = 2147483647;
			files = (
			);
			runOnlyForDeploymentPostprocessing = 0;
		};
/* End PBXFrameworksBuildPhase section */

/* Begin PBXGroup section */
		DFFA289D27FE274500BDA5A6 = {
			isa = PBXGroup;
			children = (
				DFFA28A827FE274500BDA5A6 /* iAmRich */,
				DFFA28C427FE366D00BDA5A6 /* iAmRichUITests */,
				DFFA28A727FE274500BDA5A6 /* Products */,
			);
			sourceTree = "<group>";
		};
		DFFA28A727FE274500BDA5A6 /* Products */ = {
			isa = PBXGroup;
			children = (
				DFFA28A627FE274500BDA5A6 /* iAmRich.app */,
				DFFA28C327FE366D00BDA5A6 /* iAmRichUITests.xctest */,
			);
			name = Products;
			sourceTree = "<group>";
		};
		DFFA28A827FE274500BDA5A6 /* iAmRich */ = {
			isa = PBXGroup;
			children = (
				DFFA28A927FE274500BDA5A6 /* AppDelegate.swift */,
				DFFA28AB27FE274500BDA5A6 /* SceneDelegate.swift */,
				DFFA28AD27FE274500BDA5A6 /* ViewController.swift */,
				DFFA28AF27FE274500BDA5A6 /* Main.storyboard */,
				DFFA28B227FE274700BDA5A6 /* Assets.xcassets */,
				DFFA28B427FE274700BDA5A6 /* LaunchScreen.storyboard */,
				DFFA28B727FE274700BDA5A6 /* Info.plist */,
			);
			path = iAmRich;
			sourceTree = "<group>";
		};
		DFFA28C427FE366D00BDA5A6 /* iAmRichUITests */ = {
			isa = PBXGroup;
			children = (
				DFFA28C527FE366D00BDA5A6 /* iAmRichUITests.swift */,
			);
			path = iAmRichUITests;
			sourceTree = "<group>";
		};
/* End PBXGroup section */

/* Begin PBXNativeTarget section */
		DFFA28A527FE274500BDA5A6 /* iAmRich */ = {
			isa = PBXNativeTarget;
			buildConfigurationList = DFFA28BA27FE274700BDA5A6 /* Build configuration list for PBXNativeTarget "iAmRich" */;
			buildPhases = (
				DFFA28A227FE274500BDA5A6 /* Sources */,
				DFFA28A327FE274500BDA5A6 /* Frameworks */,
				DFFA28A427FE274500BDA5A6 /* Resources */,
			);
			buildRules = (
			);
			dependencies = (
			);
			name = iAmRich;
			productName = iAmRich;
			productReference = DFFA28A627FE274500BDA5A6 /* iAmRich.app */;
			productType = "com.apple.product-type.application";
		};
		DFFA28C227FE366D00BDA5A6 /* iAmRichUITests */ = {
			isa = PBXNativeTarget;
			buildConfigurationList = DFFA28CB27FE366D00BDA5A6 /* Build configuration list for PBXNativeTarget "iAmRichUITests" */;
			buildPhases = (
				DFFA28BF27FE366D00BDA5A6 /* Sources */,
				DFFA28C027FE366D00BDA5A6 /* Frameworks */,
				DFFA28C127FE366D00BDA5A6 /* Resources */,
			);
			buildRules = (
			);
			dependencies = (
				DFFA28CA27FE366D00BDA5A6 /* PBXTargetDependency */,
			);
			name = iAmRichUITests;
			productName = iAmRichUITests;
			productReference = DFFA28C327FE366D00BDA5A6 /* iAmRichUITests.xctest */;
			productType = "com.apple.product-type.bundle.ui-testing";
		};
/* End PBXNativeTarget section */

/* Begin PBXProject section */
		DFFA289E27FE274500BDA5A6 /* Project object */ = {
			isa = PBXProject;
			attributes = {
				BuildIndependentTargetsInParallel = 1;
				LastSwiftUpdateCheck = 1320;
				LastUpgradeCheck = 1320;
				TargetAttributes = {
					DFFA28A527FE274500BDA5A6 = {
						CreatedOnToolsVersion = 13.2.1;
					};
					DFFA28C227FE366D00BDA5A6 = {
						CreatedOnToolsVersion = 13.2.1;
						TestTargetID = DFFA28A527FE274500BDA5A6;
					};
				};
			};
			buildConfigurationList = DFFA28A127FE274500BDA5A6 /* Build configuration list for PBXProject "iAmRich" */;
			compatibilityVersion = "Xcode 13.0";
			developmentRegion = en;
			hasScannedForEncodings = 0;
			knownRegions = (
				en,
				Base,
			);
			mainGroup = DFFA289D27FE274500BDA5A6;
			productRefGroup = DFFA28A727FE274500BDA5A6 /* Products */;
			projectDirPath = "";
			projectRoot = "";
			targets = (
				DFFA28A527FE274500BDA5A6 /* iAmRich */,
				DFFA28C227FE366D00BDA5A6 /* iAmRichUITests */,
			);
		};
/* End PBXProject section */

/* Begin PBXResourcesBuildPhase section */
		DFFA28A427FE274500BDA5A6 /* Resources */ = {
			isa = PBXResourcesBuildPhase;
			buildActionMask = 2147483647;
			files = (
				DFFA28B627FE274700BDA5A6 /* LaunchScreen.storyboard in Resources */,
				DFFA28B327FE274700BDA5A6 /* Assets.xcassets in Resources */,
				DFFA28B127FE274500BDA5A6 /* Main.storyboard in Resources */,
			);
			runOnlyForDeploymentPostprocessing = 0;
		};
		DFFA28C127FE366D00BDA5A6 /* Resources */ = {
			isa = PBXResourcesBuildPhase;
			buildActionMask = 2147483647;
			files = (
			);
			runOnlyForDeploymentPostprocessing = 0;
		};
/* End PBXResourcesBuildPhase section */

/* Begin PBXSourcesBuildPhase section */
		DFFA28A227FE274500BDA5A6 /* Sources */ = {
			isa = PBXSourcesBuildPhase;
			buildActionMask = 2147483647;
			files = (
				DFFA28AE27FE274500BDA5A6 /* ViewController.swift in Sources */,
				DFFA28AA27FE274500BDA5A6 /* AppDelegate.swift in Sources */,
				DFFA28AC27FE274500BDA5A6 /* SceneDelegate.swift in Sources */,
			);
			runOnlyForDeploymentPostprocessing = 0;
		};
		DFFA28BF27FE366D00BDA5A6 /* Sources */ = {
			isa = PBXSourcesBuildPhase;
			buildActionMask = 2147483647;
			files = (
				DFFA28C627FE366D00BDA5A6 /* iAmRichUITests.swift in Sources */,
			);
			runOnlyForDeploymentPostprocessing = 0;
		};
/* End PBXSourcesBuildPhase section */

/* Begin PBXTargetDependency section */
		DFFA28CA27FE366D00BDA5A6 /* PBXTargetDependency */ = {
			isa = PBXTargetDependency;
			target = DFFA28A527FE274500BDA5A6 /* iAmRich */;
			targetProxy = DFFA28C927FE366D00BDA5A6 /* PBXContainerItemProxy */;
		};
/* End PBXTargetDependency section */

/* Begin PBXVariantGroup section */
		DFFA28AF27FE274500BDA5A6 /* Main.storyboard */ = {
			isa = PBXVariantGroup;
			children = (
				DFFA28B027FE274500BDA5A6 /* Base */,
			);
			name = Main.storyboard;
			sourceTree = "<group>";
		};
		DFFA28B427FE274700BDA5A6 /* LaunchScreen.storyboard */ = {
			isa = PBXVariantGroup;
			children = (
				DFFA28B527FE274700BDA5A6 /* Base */,
			);
			name = LaunchScreen.storyboard;
			sourceTree = "<group>";
		};
/* End PBXVariantGroup section */

/* Begin XCBuildConfiguration section */
		DFFA28B827FE274700BDA5A6 /* Debug */ = {
			isa = XCBuildConfiguration;
			buildSettings = {
				ALWAYS_SEARCH_USER_PATHS = NO;
				CLANG_ANALYZER_NONNULL = YES;
				CLANG_ANALYZER_NUMBER_OBJECT_CONVERSION = YES_AGGRESSIVE;
				CLANG_CXX_LANGUAGE_STANDARD = "gnu++17";
				CLANG_CXX_LIBRARY = "libc++";
				CLANG_ENABLE_MODULES = YES;
				CLANG_ENABLE_OBJC_ARC = YES;
				CLANG_ENABLE_OBJC_WEAK = YES;
				CLANG_WARN_BLOCK_CAPTURE_AUTORELEASING = YES;
				CLANG_WARN_BOOL_CONVERSION = YES;
				CLANG_WARN_COMMA = YES;
				CLANG_WARN_CONSTANT_CONVERSION = YES;
				CLANG_WARN_DEPRECATED_OBJC_IMPLEMENTATIONS = YES;
				CLANG_WARN_DIRECT_OBJC_ISA_USAGE = YES_ERROR;
				CLANG_WARN_DOCUMENTATION_COMMENTS = YES;
				CLANG_WARN_EMPTY_BODY = YES;
				CLANG_WARN_ENUM_CONVERSION = YES;
				CLANG_WARN_INFINITE_RECURSION = YES;
				CLANG_WARN_INT_CONVERSION = YES;
				CLANG_WARN_NON_LITERAL_NULL_CONVERSION = YES;
				CLANG_WARN_OBJC_IMPLICIT_RETAIN_SELF = YES;
				CLANG_WARN_OBJC_LITERAL_CONVERSION = YES;
				CLANG_WARN_OBJC_ROOT_CLASS = YES_ERROR;
				CLANG_WARN_QUOTED_INCLUDE_IN_FRAMEWORK_HEADER = YES;
				CLANG_WARN_RANGE_LOOP_ANALYSIS = YES;
				CLANG_WARN_STRICT_PROTOTYPES = YES;
				CLANG_WARN_SUSPICIOUS_MOVE = YES;
				CLANG_WARN_UNGUARDED_AVAILABILITY = YES_AGGRESSIVE;
				CLANG_WARN_UNREACHABLE_CODE = YES;
				CLANG_WARN__DUPLICATE_METHOD_MATCH = YES;
				COPY_PHASE_STRIP = NO;
				DEBUG_INFORMATION_FORMAT = dwarf;
				ENABLE_STRICT_OBJC_MSGSEND = YES;
				ENABLE_TESTABILITY = YES;
				GCC_C_LANGUAGE_STANDARD = gnu11;
				GCC_DYNAMIC_NO_PIC = NO;
				GCC_NO_COMMON_BLOCKS = YES;
				GCC_OPTIMIZATION_LEVEL = 0;
				GCC_PREPROCESSOR_DEFINITIONS = (
					"DEBUG=1",
					"$(inherited)",
				);
				GCC_WARN_64_TO_32_BIT_CONVERSION = YES;
				GCC_WARN_ABOUT_RETURN_TYPE = YES_ERROR;
				GCC_WARN_UNDECLARED_SELECTOR = YES;
				GCC_WARN_UNINITIALIZED_AUTOS = YES_AGGRESSIVE;
				GCC_WARN_UNUSED_FUNCTION = YES;
				GCC_WARN_UNUSED_VARIABLE = YES;
				IPHONEOS_DEPLOYMENT_TARGET = 15.2;
				MTL_ENABLE_DEBUG_INFO = INCLUDE_SOURCE;
				MTL_FAST_MATH = YES;
				ONLY_ACTIVE_ARCH = YES;
				SDKROOT = iphoneos;
				SWIFT_ACTIVE_COMPILATION_CONDITIONS = DEBUG;
				SWIFT_OPTIMIZATION_LEVEL = "-Onone";
			};
			name = Debug;
		};
		DFFA28B927FE274700BDA5A6 /* Release */ = {
			isa = XCBuildConfiguration;
			buildSettings = {
				ALWAYS_SEARCH_USER_PATHS = NO;
				CLANG_ANALYZER_NONNULL = YES;
				CLANG_ANALYZER_NUMBER_OBJECT_CONVERSION = YES_AGGRESSIVE;
				CLANG_CXX_LANGUAGE_STANDARD = "gnu++17";
				CLANG_CXX_LIBRARY = "libc++";
				CLANG_ENABLE_MODULES = YES;
				CLANG_ENABLE_OBJC_ARC = YES;
				CLANG_ENABLE_OBJC_WEAK = YES;
				CLANG_WARN_BLOCK_CAPTURE_AUTORELEASING = YES;
				CLANG_WARN_BOOL_CONVERSION = YES;
				CLANG_WARN_COMMA = YES;
				CLANG_WARN_CONSTANT_CONVERSION = YES;
				CLANG_WARN_DEPRECATED_OBJC_IMPLEMENTATIONS = YES;
				CLANG_WARN_DIRECT_OBJC_ISA_USAGE = YES_ERROR;
				CLANG_WARN_DOCUMENTATION_COMMENTS = YES;
				CLANG_WARN_EMPTY_BODY = YES;
				CLANG_WARN_ENUM_CONVERSION = YES;
				CLANG_WARN_INFINITE_RECURSION = YES;
				CLANG_WARN_INT_CONVERSION = YES;
				CLANG_WARN_NON_LITERAL_NULL_CONVERSION = YES;
				CLANG_WARN_OBJC_IMPLICIT_RETAIN_SELF = YES;
				CLANG_WARN_OBJC_LITERAL_CONVERSION = YES;
				CLANG_WARN_OBJC_ROOT_CLASS = YES_ERROR;
				CLANG_WARN_QUOTED_INCLUDE_IN_FRAMEWORK_HEADER = YES;
				CLANG_WARN_RANGE_LOOP_ANALYSIS = YES;
				CLANG_WARN_STRICT_PROTOTYPES = YES;
				CLANG_WARN_SUSPICIOUS_MOVE = YES;
				CLANG_WARN_UNGUARDED_AVAILABILITY = YES_AGGRESSIVE;
				CLANG_WARN_UNREACHABLE_CODE = YES;
				CLANG_WARN__DUPLICATE_METHOD_MATCH = YES;
				COPY_PHASE_STRIP = NO;
				DEBUG_INFORMATION_FORMAT = "dwarf-with-dsym";
				ENABLE_NS_ASSERTIONS = NO;
				ENABLE_STRICT_OBJC_MSGSEND = YES;
				GCC_C_LANGUAGE_STANDARD = gnu11;
				GCC_NO_COMMON_BLOCKS = YES;
				GCC_WARN_64_TO_32_BIT_CONVERSION = YES;
				GCC_WARN_ABOUT_RETURN_TYPE = YES_ERROR;
				GCC_WARN_UNDECLARED_SELECTOR = YES;
				GCC_WARN_UNINITIALIZED_AUTOS = YES_AGGRESSIVE;
				GCC_WARN_UNUSED_FUNCTION = YES;
				GCC_WARN_UNUSED_VARIABLE = YES;
				IPHONEOS_DEPLOYMENT_TARGET = 15.2;
				MTL_ENABLE_DEBUG_INFO = NO;
				MTL_FAST_MATH = YES;
				SDKROOT = iphoneos;
				SWIFT_COMPILATION_MODE = wholemodule;
				SWIFT_OPTIMIZATION_LEVEL = "-O";
				VALIDATE_PRODUCT = YES;
			};
			name = Release;
		};
		DFFA28BB27FE274700BDA5A6 /* Debug */ = {
			isa = XCBuildConfiguration;
			buildSettings = {
				ASSETCATALOG_COMPILER_APPICON_NAME = AppIcon;
				ASSETCATALOG_COMPILER_GLOBAL_ACCENT_COLOR_NAME = AccentColor;
				CODE_SIGN_STYLE = Automatic;
				CURRENT_PROJECT_VERSION = 1;
				DEVELOPMENT_TEAM = 6YXFUY64CT;
				GENERATE_INFOPLIST_FILE = YES;
				INFOPLIST_FILE = iAmRich/Info.plist;
				INFOPLIST_KEY_UIApplicationSupportsIndirectInputEvents = YES;
				INFOPLIST_KEY_UILaunchStoryboardName = LaunchScreen;
				INFOPLIST_KEY_UIMainStoryboardFile = Main;
				INFOPLIST_KEY_UISupportedInterfaceOrientations = "UIInterfaceOrientationPortrait UIInterfaceOrientationLandscapeLeft UIInterfaceOrientationLandscapeRight";
				INFOPLIST_KEY_UISupportedInterfaceOrientations_iPad = "UIInterfaceOrientationPortrait UIInterfaceOrientationPortraitUpsideDown UIInterfaceOrientationLandscapeLeft UIInterfaceOrientationLandscapeRight";
				INFOPLIST_KEY_UISupportedInterfaceOrientations_iPhone = "UIInterfaceOrientationPortrait UIInterfaceOrientationLandscapeLeft UIInterfaceOrientationLandscapeRight";
				IPHONEOS_DEPLOYMENT_TARGET = 13.0;
				LD_RUNPATH_SEARCH_PATHS = (
					"$(inherited)",
					"@executable_path/Frameworks",
				);
				MARKETING_VERSION = 1.0;
				PRODUCT_BUNDLE_IDENTIFIER = com.andronickmartusheff.iAmRich;
				PRODUCT_NAME = "$(TARGET_NAME)";
				SWIFT_EMIT_LOC_STRINGS = YES;
				SWIFT_VERSION = 5.0;
				TARGETED_DEVICE_FAMILY = "1,2";
			};
			name = Debug;
		};
		DFFA28BC27FE274700BDA5A6 /* Release */ = {
			isa = XCBuildConfiguration;
			buildSettings = {
				ASSETCATALOG_COMPILER_APPICON_NAME = AppIcon;
				ASSETCATALOG_COMPILER_GLOBAL_ACCENT_COLOR_NAME = AccentColor;
				CODE_SIGN_STYLE = Automatic;
				CURRENT_PROJECT_VERSION = 1;
				DEVELOPMENT_TEAM = 6YXFUY64CT;
				GENERATE_INFOPLIST_FILE = YES;
				INFOPLIST_FILE = iAmRich/Info.plist;
				INFOPLIST_KEY_UIApplicationSupportsIndirectInputEvents = YES;
				INFOPLIST_KEY_UILaunchStoryboardName = LaunchScreen;
				INFOPLIST_KEY_UIMainStoryboardFile = Main;
				INFOPLIST_KEY_UISupportedInterfaceOrientations = "UIInterfaceOrientationPortrait UIInterfaceOrientationLandscapeLeft UIInterfaceOrientationLandscapeRight";
				INFOPLIST_KEY_UISupportedInterfaceOrientations_iPad = "UIInterfaceOrientationPortrait UIInterfaceOrientationPortraitUpsideDown UIInterfaceOrientationLandscapeLeft UIInterfaceOrientationLandscapeRight";
				INFOPLIST_KEY_UISupportedInterfaceOrientations_iPhone = "UIInterfaceOrientationPortrait UIInterfaceOrientationLandscapeLeft UIInterfaceOrientationLandscapeRight";
				IPHONEOS_DEPLOYMENT_TARGET = 13.0;
				LD_RUNPATH_SEARCH_PATHS = (
					"$(inherited)",
					"@executable_path/Frameworks",
				);
				MARKETING_VERSION = 1.0;
				PRODUCT_BUNDLE_IDENTIFIER = com.andronickmartusheff.iAmRich;
				PRODUCT_NAME = "$(TARGET_NAME)";
				SWIFT_EMIT_LOC_STRINGS = YES;
				SWIFT_VERSION = 5.0;
				TARGETED_DEVICE_FAMILY = "1,2";
			};
			name = Release;
		};
		DFFA28CC27FE366D00BDA5A6 /* Debug */ = {
			isa = XCBuildConfiguration;
			buildSettings = {
				CODE_SIGN_STYLE = Automatic;
				CURRENT_PROJECT_VERSION = 1;
				DEVELOPMENT_TEAM = 6YXFUY64CT;
				GENERATE_INFOPLIST_FILE = YES;
				MARKETING_VERSION = 1.0;
				PRODUCT_BUNDLE_IDENTIFIER = com.andronickmartusheff.iAmRichUITests;
				PRODUCT_NAME = "$(TARGET_NAME)";
				SWIFT_EMIT_LOC_STRINGS = NO;
				SWIFT_VERSION = 5.0;
				TARGETED_DEVICE_FAMILY = "1,2";
				TEST_TARGET_NAME = iAmRich;
			};
			name = Debug;
		};
		DFFA28CD27FE366D00BDA5A6 /* Release */ = {
			isa = XCBuildConfiguration;
			buildSettings = {
				CODE_SIGN_STYLE = Automatic;
				CURRENT_PROJECT_VERSION = 1;
				DEVELOPMENT_TEAM = 6YXFUY64CT;
				GENERATE_INFOPLIST_FILE = YES;
				MARKETING_VERSION = 1.0;
				PRODUCT_BUNDLE_IDENTIFIER = com.andronickmartusheff.iAmRichUITests;
				PRODUCT_NAME = "$(TARGET_NAME)";
				SWIFT_EMIT_LOC_STRINGS = NO;
				SWIFT_VERSION = 5.0;
				TARGETED_DEVICE_FAMILY = "1,2";
				TEST_TARGET_NAME = iAmRich;
			};
			name = Release;
		};
/* End XCBuildConfiguration section */

/* Begin XCConfigurationList section */
		DFFA28A127FE274500BDA5A6 /* Build configuration list for PBXProject "iAmRich" */ = {
			isa = XCConfigurationList;
			buildConfigurations = (
				DFFA28B827FE274700BDA5A6 /* Debug */,
				DFFA28B927FE274700BDA5A6 /* Release */,
			);
			defaultConfigurationIsVisible = 0;
			defaultConfigurationName = Release;
		};
		DFFA28BA27FE274700BDA5A6 /* Build configuration list for PBXNativeTarget "iAmRich" */ = {
			isa = XCConfigurationList;
			buildConfigurations = (
				DFFA28BB27FE274700BDA5A6 /* Debug */,
				DFFA28BC27FE274700BDA5A6 /* Release */,
			);
			defaultConfigurationIsVisible = 0;
			defaultConfigurationName = Release;
		};
		DFFA28CB27FE366D00BDA5A6 /* Build configuration list for PBXNativeTarget "iAmRichUITests" */ = {
			isa = XCConfigurationList;
			buildConfigurations = (
				DFFA28CC27FE366D00BDA5A6 /* Debug */,
				DFFA28CD27FE366D00BDA5A6 /* Release */,
			);
			defaultConfigurationIsVisible = 0;
			defaultConfigurationName = Release;
		};
/* End XCConfigurationList section */
	};
	rootObject = DFFA289E27FE274500BDA5A6 /* Project object */;
}
